// !$*UTF8*$!
{
	archiveVersion = 1;
	classes = {
	};
	objectVersion = 56;
	objects = {

/* Begin PBXBuildFile section */
		6DF63D2F29ABF24900908ED5 /* AppDelegate.swift in Sources */ = {isa = PBXBuildFile; fileRef = 6DF63D2E29ABF24900908ED5 /* AppDelegate.swift */; };
		6DF63D3129ABF24900908ED5 /* SceneDelegate.swift in Sources */ = {isa = PBXBuildFile; fileRef = 6DF63D3029ABF24900908ED5 /* SceneDelegate.swift */; };
		6DF63D3329ABF24900908ED5 /* ViewController.swift in Sources */ = {isa = PBXBuildFile; fileRef = 6DF63D3229ABF24900908ED5 /* ViewController.swift */; };
		6DF63D3629ABF24900908ED5 /* Main.storyboard in Resources */ = {isa = PBXBuildFile; fileRef = 6DF63D3429ABF24900908ED5 /* Main.storyboard */; };
		6DF63D3829ABF24B00908ED5 /* Assets.xcassets in Resources */ = {isa = PBXBuildFile; fileRef = 6DF63D3729ABF24B00908ED5 /* Assets.xcassets */; };
		6DF63D3B29ABF24B00908ED5 /* LaunchScreen.storyboard in Resources */ = {isa = PBXBuildFile; fileRef = 6DF63D3929ABF24B00908ED5 /* LaunchScreen.storyboard */; };
		6DF63D4629ABF24B00908ED5 /* NeuroBluetoothPeripheralTests.swift in Sources */ = {isa = PBXBuildFile; fileRef = 6DF63D4529ABF24B00908ED5 /* NeuroBluetoothPeripheralTests.swift */; };
		6DF63D5029ABF24B00908ED5 /* NeuroBluetoothPeripheralUITests.swift in Sources */ = {isa = PBXBuildFile; fileRef = 6DF63D4F29ABF24B00908ED5 /* NeuroBluetoothPeripheralUITests.swift */; };
		6DF63D5229ABF24B00908ED5 /* NeuroBluetoothPeripheralUITestsLaunchTests.swift in Sources */ = {isa = PBXBuildFile; fileRef = 6DF63D5129ABF24B00908ED5 /* NeuroBluetoothPeripheralUITestsLaunchTests.swift */; };
/* End PBXBuildFile section */

/* Begin PBXContainerItemProxy section */
		6DF63D4229ABF24B00908ED5 /* PBXContainerItemProxy */ = {
			isa = PBXContainerItemProxy;
			containerPortal = 6DF63D2329ABF24900908ED5 /* Project object */;
			proxyType = 1;
			remoteGlobalIDString = 6DF63D2A29ABF24900908ED5;
			remoteInfo = NeuroBluetoothPeripheral;
		};
		6DF63D4C29ABF24B00908ED5 /* PBXContainerItemProxy */ = {
			isa = PBXContainerItemProxy;
			containerPortal = 6DF63D2329ABF24900908ED5 /* Project object */;
			proxyType = 1;
			remoteGlobalIDString = 6DF63D2A29ABF24900908ED5;
			remoteInfo = NeuroBluetoothPeripheral;
		};
/* End PBXContainerItemProxy section */

/* Begin PBXFileReference section */
		6DF63D2B29ABF24900908ED5 /* NeuroBluetoothPeripheral.app */ = {isa = PBXFileReference; explicitFileType = wrapper.application; includeInIndex = 0; path = NeuroBluetoothPeripheral.app; sourceTree = BUILT_PRODUCTS_DIR; };
		6DF63D2E29ABF24900908ED5 /* AppDelegate.swift */ = {isa = PBXFileReference; lastKnownFileType = sourcecode.swift; path = AppDelegate.swift; sourceTree = "<group>"; };
		6DF63D3029ABF24900908ED5 /* SceneDelegate.swift */ = {isa = PBXFileReference; lastKnownFileType = sourcecode.swift; path = SceneDelegate.swift; sourceTree = "<group>"; };
		6DF63D3229ABF24900908ED5 /* ViewController.swift */ = {isa = PBXFileReference; lastKnownFileType = sourcecode.swift; path = ViewController.swift; sourceTree = "<group>"; };
		6DF63D3529ABF24900908ED5 /* Base */ = {isa = PBXFileReference; lastKnownFileType = file.storyboard; name = Base; path = Base.lproj/Main.storyboard; sourceTree = "<group>"; };
		6DF63D3729ABF24B00908ED5 /* Assets.xcassets */ = {isa = PBXFileReference; lastKnownFileType = folder.assetcatalog; path = Assets.xcassets; sourceTree = "<group>"; };
		6DF63D3A29ABF24B00908ED5 /* Base */ = {isa = PBXFileReference; lastKnownFileType = file.storyboard; name = Base; path = Base.lproj/LaunchScreen.storyboard; sourceTree = "<group>"; };
		6DF63D3C29ABF24B00908ED5 /* Info.plist */ = {isa = PBXFileReference; lastKnownFileType = text.plist.xml; path = Info.plist; sourceTree = "<group>"; };
		6DF63D4129ABF24B00908ED5 /* NeuroBluetoothPeripheralTests.xctest */ = {isa = PBXFileReference; explicitFileType = wrapper.cfbundle; includeInIndex = 0; path = NeuroBluetoothPeripheralTests.xctest; sourceTree = BUILT_PRODUCTS_DIR; };
		6DF63D4529ABF24B00908ED5 /* NeuroBluetoothPeripheralTests.swift */ = {isa = PBXFileReference; lastKnownFileType = sourcecode.swift; path = NeuroBluetoothPeripheralTests.swift; sourceTree = "<group>"; };
		6DF63D4B29ABF24B00908ED5 /* NeuroBluetoothPeripheralUITests.xctest */ = {isa = PBXFileReference; explicitFileType = wrapper.cfbundle; includeInIndex = 0; path = NeuroBluetoothPeripheralUITests.xctest; sourceTree = BUILT_PRODUCTS_DIR; };
		6DF63D4F29ABF24B00908ED5 /* NeuroBluetoothPeripheralUITests.swift */ = {isa = PBXFileReference; lastKnownFileType = sourcecode.swift; path = NeuroBluetoothPeripheralUITests.swift; sourceTree = "<group>"; };
		6DF63D5129ABF24B00908ED5 /* NeuroBluetoothPeripheralUITestsLaunchTests.swift */ = {isa = PBXFileReference; lastKnownFileType = sourcecode.swift; path = NeuroBluetoothPeripheralUITestsLaunchTests.swift; sourceTree = "<group>"; };
/* End PBXFileReference section */

/* Begin PBXFrameworksBuildPhase section */
		6DF63D2829ABF24900908ED5 /* Frameworks */ = {
			isa = PBXFrameworksBuildPhase;
			buildActionMask = 2147483647;
			files = (
			);
			runOnlyForDeploymentPostprocessing = 0;
		};
		6DF63D3E29ABF24B00908ED5 /* Frameworks */ = {
			isa = PBXFrameworksBuildPhase;
			buildActionMask = 2147483647;
			files = (
			);
			runOnlyForDeploymentPostprocessing = 0;
		};
		6DF63D4829ABF24B00908ED5 /* Frameworks */ = {
			isa = PBXFrameworksBuildPhase;
			buildActionMask = 2147483647;
			files = (
			);
			runOnlyForDeploymentPostprocessing = 0;
		};
/* End PBXFrameworksBuildPhase section */

/* Begin PBXGroup section */
		6DF63D2229ABF24900908ED5 = {
			isa = PBXGroup;
			children = (
				6DF63D2D29ABF24900908ED5 /* NeuroBluetoothPeripheral */,
				6DF63D4429ABF24B00908ED5 /* NeuroBluetoothPeripheralTests */,
				6DF63D4E29ABF24B00908ED5 /* NeuroBluetoothPeripheralUITests */,
				6DF63D2C29ABF24900908ED5 /* Products */,
			);
			sourceTree = "<group>";
		};
		6DF63D2C29ABF24900908ED5 /* Products */ = {
			isa = PBXGroup;
			children = (
				6DF63D2B29ABF24900908ED5 /* NeuroBluetoothPeripheral.app */,
				6DF63D4129ABF24B00908ED5 /* NeuroBluetoothPeripheralTests.xctest */,
				6DF63D4B29ABF24B00908ED5 /* NeuroBluetoothPeripheralUITests.xctest */,
			);
			name = Products;
			sourceTree = "<group>";
		};
		6DF63D2D29ABF24900908ED5 /* NeuroBluetoothPeripheral */ = {
			isa = PBXGroup;
			children = (
				6DF63D2E29ABF24900908ED5 /* AppDelegate.swift */,
				6DF63D3029ABF24900908ED5 /* SceneDelegate.swift */,
				6DF63D3229ABF24900908ED5 /* ViewController.swift */,
				6DF63D3429ABF24900908ED5 /* Main.storyboard */,
				6DF63D3729ABF24B00908ED5 /* Assets.xcassets */,
				6DF63D3929ABF24B00908ED5 /* LaunchScreen.storyboard */,
				6DF63D3C29ABF24B00908ED5 /* Info.plist */,
			);
			path = NeuroBluetoothPeripheral;
			sourceTree = "<group>";
		};
		6DF63D4429ABF24B00908ED5 /* NeuroBluetoothPeripheralTests */ = {
			isa = PBXGroup;
			children = (
				6DF63D4529ABF24B00908ED5 /* NeuroBluetoothPeripheralTests.swift */,
			);
			path = NeuroBluetoothPeripheralTests;
			sourceTree = "<group>";
		};
		6DF63D4E29ABF24B00908ED5 /* NeuroBluetoothPeripheralUITests */ = {
			isa = PBXGroup;
			children = (
				6DF63D4F29ABF24B00908ED5 /* NeuroBluetoothPeripheralUITests.swift */,
				6DF63D5129ABF24B00908ED5 /* NeuroBluetoothPeripheralUITestsLaunchTests.swift */,
			);
			path = NeuroBluetoothPeripheralUITests;
			sourceTree = "<group>";
		};
/* End PBXGroup section */

/* Begin PBXNativeTarget section */
		6DF63D2A29ABF24900908ED5 /* NeuroBluetoothPeripheral */ = {
			isa = PBXNativeTarget;
			buildConfigurationList = 6DF63D5529ABF24B00908ED5 /* Build configuration list for PBXNativeTarget "NeuroBluetoothPeripheral" */;
			buildPhases = (
				6DF63D2729ABF24900908ED5 /* Sources */,
				6DF63D2829ABF24900908ED5 /* Frameworks */,
				6DF63D2929ABF24900908ED5 /* Resources */,
			);
			buildRules = (
			);
			dependencies = (
			);
			name = NeuroBluetoothPeripheral;
			productName = NeuroBluetoothPeripheral;
			productReference = 6DF63D2B29ABF24900908ED5 /* NeuroBluetoothPeripheral.app */;
			productType = "com.apple.product-type.application";
		};
		6DF63D4029ABF24B00908ED5 /* NeuroBluetoothPeripheralTests */ = {
			isa = PBXNativeTarget;
			buildConfigurationList = 6DF63D5829ABF24B00908ED5 /* Build configuration list for PBXNativeTarget "NeuroBluetoothPeripheralTests" */;
			buildPhases = (
				6DF63D3D29ABF24B00908ED5 /* Sources */,
				6DF63D3E29ABF24B00908ED5 /* Frameworks */,
				6DF63D3F29ABF24B00908ED5 /* Resources */,
			);
			buildRules = (
			);
			dependencies = (
				6DF63D4329ABF24B00908ED5 /* PBXTargetDependency */,
			);
			name = NeuroBluetoothPeripheralTests;
			productName = NeuroBluetoothPeripheralTests;
			productReference = 6DF63D4129ABF24B00908ED5 /* NeuroBluetoothPeripheralTests.xctest */;
			productType = "com.apple.product-type.bundle.unit-test";
		};
		6DF63D4A29ABF24B00908ED5 /* NeuroBluetoothPeripheralUITests */ = {
			isa = PBXNativeTarget;
			buildConfigurationList = 6DF63D5B29ABF24B00908ED5 /* Build configuration list for PBXNativeTarget "NeuroBluetoothPeripheralUITests" */;
			buildPhases = (
				6DF63D4729ABF24B00908ED5 /* Sources */,
				6DF63D4829ABF24B00908ED5 /* Frameworks */,
				6DF63D4929ABF24B00908ED5 /* Resources */,
			);
			buildRules = (
			);
			dependencies = (
				6DF63D4D29ABF24B00908ED5 /* PBXTargetDependency */,
			);
			name = NeuroBluetoothPeripheralUITests;
			productName = NeuroBluetoothPeripheralUITests;
			productReference = 6DF63D4B29ABF24B00908ED5 /* NeuroBluetoothPeripheralUITests.xctest */;
			productType = "com.apple.product-type.bundle.ui-testing";
		};
/* End PBXNativeTarget section */

/* Begin PBXProject section */
		6DF63D2329ABF24900908ED5 /* Project object */ = {
			isa = PBXProject;
			attributes = {
				BuildIndependentTargetsInParallel = 1;
				LastSwiftUpdateCheck = 1410;
				LastUpgradeCheck = 1410;
				TargetAttributes = {
					6DF63D2A29ABF24900908ED5 = {
						CreatedOnToolsVersion = 14.1;
					};
					6DF63D4029ABF24B00908ED5 = {
						CreatedOnToolsVersion = 14.1;
						TestTargetID = 6DF63D2A29ABF24900908ED5;
					};
					6DF63D4A29ABF24B00908ED5 = {
						CreatedOnToolsVersion = 14.1;
						TestTargetID = 6DF63D2A29ABF24900908ED5;
					};
				};
			};
			buildConfigurationList = 6DF63D2629ABF24900908ED5 /* Build configuration list for PBXProject "NeuroBluetoothPeripheral" */;
			compatibilityVersion = "Xcode 14.0";
			developmentRegion = en;
			hasScannedForEncodings = 0;
			knownRegions = (
				en,
				Base,
			);
			mainGroup = 6DF63D2229ABF24900908ED5;
			productRefGroup = 6DF63D2C29ABF24900908ED5 /* Products */;
			projectDirPath = "";
			projectRoot = "";
			targets = (
				6DF63D2A29ABF24900908ED5 /* NeuroBluetoothPeripheral */,
				6DF63D4029ABF24B00908ED5 /* NeuroBluetoothPeripheralTests */,
				6DF63D4A29ABF24B00908ED5 /* NeuroBluetoothPeripheralUITests */,
			);
		};
/* End PBXProject section */

/* Begin PBXResourcesBuildPhase section */
		6DF63D2929ABF24900908ED5 /* Resources */ = {
			isa = PBXResourcesBuildPhase;
			buildActionMask = 2147483647;
			files = (
				6DF63D3B29ABF24B00908ED5 /* LaunchScreen.storyboard in Resources */,
				6DF63D3829ABF24B00908ED5 /* Assets.xcassets in Resources */,
				6DF63D3629ABF24900908ED5 /* Main.storyboard in Resources */,
			);
			runOnlyForDeploymentPostprocessing = 0;
		};
		6DF63D3F29ABF24B00908ED5 /* Resources */ = {
			isa = PBXResourcesBuildPhase;
			buildActionMask = 2147483647;
			files = (
			);
			runOnlyForDeploymentPostprocessing = 0;
		};
		6DF63D4929ABF24B00908ED5 /* Resources */ = {
			isa = PBXResourcesBuildPhase;
			buildActionMask = 2147483647;
			files = (
			);
			runOnlyForDeploymentPostprocessing = 0;
		};
/* End PBXResourcesBuildPhase section */

/* Begin PBXSourcesBuildPhase section */
		6DF63D2729ABF24900908ED5 /* Sources */ = {
			isa = PBXSourcesBuildPhase;
			buildActionMask = 2147483647;
			files = (
				6DF63D3329ABF24900908ED5 /* ViewController.swift in Sources */,
				6DF63D2F29ABF24900908ED5 /* AppDelegate.swift in Sources */,
				6DF63D3129ABF24900908ED5 /* SceneDelegate.swift in Sources */,
			);
			runOnlyForDeploymentPostprocessing = 0;
		};
		6DF63D3D29ABF24B00908ED5 /* Sources */ = {
			isa = PBXSourcesBuildPhase;
			buildActionMask = 2147483647;
			files = (
				6DF63D4629ABF24B00908ED5 /* NeuroBluetoothPeripheralTests.swift in Sources */,
			);
			runOnlyForDeploymentPostprocessing = 0;
		};
		6DF63D4729ABF24B00908ED5 /* Sources */ = {
			isa = PBXSourcesBuildPhase;
			buildActionMask = 2147483647;
			files = (
				6DF63D5029ABF24B00908ED5 /* NeuroBluetoothPeripheralUITests.swift in Sources */,
				6DF63D5229ABF24B00908ED5 /* NeuroBluetoothPeripheralUITestsLaunchTests.swift in Sources */,
			);
			runOnlyForDeploymentPostprocessing = 0;
		};
/* End PBXSourcesBuildPhase section */

/* Begin PBXTargetDependency section */
		6DF63D4329ABF24B00908ED5 /* PBXTargetDependency */ = {
			isa = PBXTargetDependency;
			target = 6DF63D2A29ABF24900908ED5 /* NeuroBluetoothPeripheral */;
			targetProxy = 6DF63D4229ABF24B00908ED5 /* PBXContainerItemProxy */;
		};
		6DF63D4D29ABF24B00908ED5 /* PBXTargetDependency */ = {
			isa = PBXTargetDependency;
			target = 6DF63D2A29ABF24900908ED5 /* NeuroBluetoothPeripheral */;
			targetProxy = 6DF63D4C29ABF24B00908ED5 /* PBXContainerItemProxy */;
		};
/* End PBXTargetDependency section */

/* Begin PBXVariantGroup section */
		6DF63D3429ABF24900908ED5 /* Main.storyboard */ = {
			isa = PBXVariantGroup;
			children = (
				6DF63D3529ABF24900908ED5 /* Base */,
			);
			name = Main.storyboard;
			sourceTree = "<group>";
		};
		6DF63D3929ABF24B00908ED5 /* LaunchScreen.storyboard */ = {
			isa = PBXVariantGroup;
			children = (
				6DF63D3A29ABF24B00908ED5 /* Base */,
			);
			name = LaunchScreen.storyboard;
			sourceTree = "<group>";
		};
/* End PBXVariantGroup section */

/* Begin XCBuildConfiguration section */
		6DF63D5329ABF24B00908ED5 /* Debug */ = {
			isa = XCBuildConfiguration;
			buildSettings = {
				ALWAYS_SEARCH_USER_PATHS = NO;
				CLANG_ANALYZER_NONNULL = YES;
				CLANG_ANALYZER_NUMBER_OBJECT_CONVERSION = YES_AGGRESSIVE;
				CLANG_CXX_LANGUAGE_STANDARD = "gnu++20";
				CLANG_ENABLE_MODULES = YES;
				CLANG_ENABLE_OBJC_ARC = YES;
				CLANG_ENABLE_OBJC_WEAK = YES;
				CLANG_WARN_BLOCK_CAPTURE_AUTORELEASING = YES;
				CLANG_WARN_BOOL_CONVERSION = YES;
				CLANG_WARN_COMMA = YES;
				CLANG_WARN_CONSTANT_CONVERSION = YES;
				CLANG_WARN_DEPRECATED_OBJC_IMPLEMENTATIONS = YES;
				CLANG_WARN_DIRECT_OBJC_ISA_USAGE = YES_ERROR;
				CLANG_WARN_DOCUMENTATION_COMMENTS = YES;
				CLANG_WARN_EMPTY_BODY = YES;
				CLANG_WARN_ENUM_CONVERSION = YES;
				CLANG_WARN_INFINITE_RECURSION = YES;
				CLANG_WARN_INT_CONVERSION = YES;
				CLANG_WARN_NON_LITERAL_NULL_CONVERSION = YES;
				CLANG_WARN_OBJC_IMPLICIT_RETAIN_SELF = YES;
				CLANG_WARN_OBJC_LITERAL_CONVERSION = YES;
				CLANG_WARN_OBJC_ROOT_CLASS = YES_ERROR;
				CLANG_WARN_QUOTED_INCLUDE_IN_FRAMEWORK_HEADER = YES;
				CLANG_WARN_RANGE_LOOP_ANALYSIS = YES;
				CLANG_WARN_STRICT_PROTOTYPES = YES;
				CLANG_WARN_SUSPICIOUS_MOVE = YES;
				CLANG_WARN_UNGUARDED_AVAILABILITY = YES_AGGRESSIVE;
				CLANG_WARN_UNREACHABLE_CODE = YES;
				CLANG_WARN__DUPLICATE_METHOD_MATCH = YES;
				COPY_PHASE_STRIP = NO;
				DEBUG_INFORMATION_FORMAT = dwarf;
				ENABLE_STRICT_OBJC_MSGSEND = YES;
				ENABLE_TESTABILITY = YES;
				GCC_C_LANGUAGE_STANDARD = gnu11;
				GCC_DYNAMIC_NO_PIC = NO;
				GCC_NO_COMMON_BLOCKS = YES;
				GCC_OPTIMIZATION_LEVEL = 0;
				GCC_PREPROCESSOR_DEFINITIONS = (
					"DEBUG=1",
					"$(inherited)",
				);
				GCC_WARN_64_TO_32_BIT_CONVERSION = YES;
				GCC_WARN_ABOUT_RETURN_TYPE = YES_ERROR;
				GCC_WARN_UNDECLARED_SELECTOR = YES;
				GCC_WARN_UNINITIALIZED_AUTOS = YES_AGGRESSIVE;
				GCC_WARN_UNUSED_FUNCTION = YES;
				GCC_WARN_UNUSED_VARIABLE = YES;
				IPHONEOS_DEPLOYMENT_TARGET = 16.1;
				MTL_ENABLE_DEBUG_INFO = INCLUDE_SOURCE;
				MTL_FAST_MATH = YES;
				ONLY_ACTIVE_ARCH = YES;
				SDKROOT = iphoneos;
				SWIFT_ACTIVE_COMPILATION_CONDITIONS = DEBUG;
				SWIFT_OPTIMIZATION_LEVEL = "-Onone";
			};
			name = Debug;
		};
		6DF63D5429ABF24B00908ED5 /* Release */ = {
			isa = XCBuildConfiguration;
			buildSettings = {
				ALWAYS_SEARCH_USER_PATHS = NO;
				CLANG_ANALYZER_NONNULL = YES;
				CLANG_ANALYZER_NUMBER_OBJECT_CONVERSION = YES_AGGRESSIVE;
				CLANG_CXX_LANGUAGE_STANDARD = "gnu++20";
				CLANG_ENABLE_MODULES = YES;
				CLANG_ENABLE_OBJC_ARC = YES;
				CLANG_ENABLE_OBJC_WEAK = YES;
				CLANG_WARN_BLOCK_CAPTURE_AUTORELEASING = YES;
				CLANG_WARN_BOOL_CONVERSION = YES;
				CLANG_WARN_COMMA = YES;
				CLANG_WARN_CONSTANT_CONVERSION = YES;
				CLANG_WARN_DEPRECATED_OBJC_IMPLEMENTATIONS = YES;
				CLANG_WARN_DIRECT_OBJC_ISA_USAGE = YES_ERROR;
				CLANG_WARN_DOCUMENTATION_COMMENTS = YES;
				CLANG_WARN_EMPTY_BODY = YES;
				CLANG_WARN_ENUM_CONVERSION = YES;
				CLANG_WARN_INFINITE_RECURSION = YES;
				CLANG_WARN_INT_CONVERSION = YES;
				CLANG_WARN_NON_LITERAL_NULL_CONVERSION = YES;
				CLANG_WARN_OBJC_IMPLICIT_RETAIN_SELF = YES;
				CLANG_WARN_OBJC_LITERAL_CONVERSION = YES;
				CLANG_WARN_OBJC_ROOT_CLASS = YES_ERROR;
				CLANG_WARN_QUOTED_INCLUDE_IN_FRAMEWORK_HEADER = YES;
				CLANG_WARN_RANGE_LOOP_ANALYSIS = YES;
				CLANG_WARN_STRICT_PROTOTYPES = YES;
				CLANG_WARN_SUSPICIOUS_MOVE = YES;
				CLANG_WARN_UNGUARDED_AVAILABILITY = YES_AGGRESSIVE;
				CLANG_WARN_UNREACHABLE_CODE = YES;
				CLANG_WARN__DUPLICATE_METHOD_MATCH = YES;
				COPY_PHASE_STRIP = NO;
				DEBUG_INFORMATION_FORMAT = "dwarf-with-dsym";
				ENABLE_NS_ASSERTIONS = NO;
				ENABLE_STRICT_OBJC_MSGSEND = YES;
				GCC_C_LANGUAGE_STANDARD = gnu11;
				GCC_NO_COMMON_BLOCKS = YES;
				GCC_WARN_64_TO_32_BIT_CONVERSION = YES;
				GCC_WARN_ABOUT_RETURN_TYPE = YES_ERROR;
				GCC_WARN_UNDECLARED_SELECTOR = YES;
				GCC_WARN_UNINITIALIZED_AUTOS = YES_AGGRESSIVE;
				GCC_WARN_UNUSED_FUNCTION = YES;
				GCC_WARN_UNUSED_VARIABLE = YES;
				IPHONEOS_DEPLOYMENT_TARGET = 16.1;
				MTL_ENABLE_DEBUG_INFO = NO;
				MTL_FAST_MATH = YES;
				SDKROOT = iphoneos;
				SWIFT_COMPILATION_MODE = wholemodule;
				SWIFT_OPTIMIZATION_LEVEL = "-O";
				VALIDATE_PRODUCT = YES;
			};
			name = Release;
		};
		6DF63D5629ABF24B00908ED5 /* Debug */ = {
			isa = XCBuildConfiguration;
			buildSettings = {
				ASSETCATALOG_COMPILER_APPICON_NAME = AppIcon;
				ASSETCATALOG_COMPILER_GLOBAL_ACCENT_COLOR_NAME = AccentColor;
				CODE_SIGN_STYLE = Automatic;
				CURRENT_PROJECT_VERSION = 1;
				DEVELOPMENT_TEAM = 9Y8LAKJ2CN;
				GENERATE_INFOPLIST_FILE = YES;
				INFOPLIST_FILE = NeuroBluetoothPeripheral/Info.plist;
				INFOPLIST_KEY_UIApplicationSupportsIndirectInputEvents = YES;
				INFOPLIST_KEY_UILaunchStoryboardName = LaunchScreen;
				INFOPLIST_KEY_UIMainStoryboardFile = Main;
				INFOPLIST_KEY_UISupportedInterfaceOrientations_iPad = "UIInterfaceOrientationPortrait UIInterfaceOrientationPortraitUpsideDown UIInterfaceOrientationLandscapeLeft UIInterfaceOrientationLandscapeRight";
				INFOPLIST_KEY_UISupportedInterfaceOrientations_iPhone = "UIInterfaceOrientationPortrait UIInterfaceOrientationLandscapeLeft UIInterfaceOrientationLandscapeRight";
				LD_RUNPATH_SEARCH_PATHS = (
					"$(inherited)",
					"@executable_path/Frameworks",
				);
				MARKETING_VERSION = 1.0;
				PRODUCT_BUNDLE_IDENTIFIER = com.app.NeuroBluetoothPeripheral;
				PRODUCT_NAME = "$(TARGET_NAME)";
				SWIFT_EMIT_LOC_STRINGS = YES;
				SWIFT_VERSION = 5.0;
				TARGETED_DEVICE_FAMILY = "1,2";
			};
			name = Debug;
		};
		6DF63D5729ABF24B00908ED5 /* Release */ = {
			isa = XCBuildConfiguration;
			buildSettings = {
				ASSETCATALOG_COMPILER_APPICON_NAME = AppIcon;
				ASSETCATALOG_COMPILER_GLOBAL_ACCENT_COLOR_NAME = AccentColor;
				CODE_SIGN_STYLE = Automatic;
				CURRENT_PROJECT_VERSION = 1;
				DEVELOPMENT_TEAM = 9Y8LAKJ2CN;
				GENERATE_INFOPLIST_FILE = YES;
				INFOPLIST_FILE = NeuroBluetoothPeripheral/Info.plist;
				INFOPLIST_KEY_UIApplicationSupportsIndirectInputEvents = YES;
				INFOPLIST_KEY_UILaunchStoryboardName = LaunchScreen;
				INFOPLIST_KEY_UIMainStoryboardFile = Main;
				INFOPLIST_KEY_UISupportedInterfaceOrientations_iPad = "UIInterfaceOrientationPortrait UIInterfaceOrientationPortraitUpsideDown UIInterfaceOrientationLandscapeLeft UIInterfaceOrientationLandscapeRight";
				INFOPLIST_KEY_UISupportedInterfaceOrientations_iPhone = "UIInterfaceOrientationPortrait UIInterfaceOrientationLandscapeLeft UIInterfaceOrientationLandscapeRight";
				LD_RUNPATH_SEARCH_PATHS = (
					"$(inherited)",
					"@executable_path/Frameworks",
				);
				MARKETING_VERSION = 1.0;
				PRODUCT_BUNDLE_IDENTIFIER = com.app.NeuroBluetoothPeripheral;
				PRODUCT_NAME = "$(TARGET_NAME)";
				SWIFT_EMIT_LOC_STRINGS = YES;
				SWIFT_VERSION = 5.0;
				TARGETED_DEVICE_FAMILY = "1,2";
			};
			name = Release;
		};
		6DF63D5929ABF24B00908ED5 /* Debug */ = {
			isa = XCBuildConfiguration;
			buildSettings = {
				ALWAYS_EMBED_SWIFT_STANDARD_LIBRARIES = YES;
				BUNDLE_LOADER = "$(TEST_HOST)";
				CODE_SIGN_STYLE = Automatic;
				CURRENT_PROJECT_VERSION = 1;
				DEVELOPMENT_TEAM = 9Y8LAKJ2CN;
				GENERATE_INFOPLIST_FILE = YES;
				IPHONEOS_DEPLOYMENT_TARGET = 16.1;
				MARKETING_VERSION = 1.0;
				PRODUCT_BUNDLE_IDENTIFIER = com.app.NeuroBluetoothPeripheralTests;
				PRODUCT_NAME = "$(TARGET_NAME)";
				SWIFT_EMIT_LOC_STRINGS = NO;
				SWIFT_VERSION = 5.0;
				TARGETED_DEVICE_FAMILY = "1,2";
				TEST_HOST = "$(BUILT_PRODUCTS_DIR)/NeuroBluetoothPeripheral.app/$(BUNDLE_EXECUTABLE_FOLDER_PATH)/NeuroBluetoothPeripheral";
			};
			name = Debug;
		};
		6DF63D5A29ABF24B00908ED5 /* Release */ = {
			isa = XCBuildConfiguration;
			buildSettings = {
				ALWAYS_EMBED_SWIFT_STANDARD_LIBRARIES = YES;
				BUNDLE_LOADER = "$(TEST_HOST)";
				CODE_SIGN_STYLE = Automatic;
				CURRENT_PROJECT_VERSION = 1;
				DEVELOPMENT_TEAM = 9Y8LAKJ2CN;
				GENERATE_INFOPLIST_FILE = YES;
				IPHONEOS_DEPLOYMENT_TARGET = 16.1;
				MARKETING_VERSION = 1.0;
				PRODUCT_BUNDLE_IDENTIFIER = com.app.NeuroBluetoothPeripheralTests;
				PRODUCT_NAME = "$(TARGET_NAME)";
				SWIFT_EMIT_LOC_STRINGS = NO;
				SWIFT_VERSION = 5.0;
				TARGETED_DEVICE_FAMILY = "1,2";
				TEST_HOST = "$(BUILT_PRODUCTS_DIR)/NeuroBluetoothPeripheral.app/$(BUNDLE_EXECUTABLE_FOLDER_PATH)/NeuroBluetoothPeripheral";
			};
			name = Release;
		};
		6DF63D5C29ABF24B00908ED5 /* Debug */ = {
			isa = XCBuildConfiguration;
			buildSettings = {
				ALWAYS_EMBED_SWIFT_STANDARD_LIBRARIES = YES;
				CODE_SIGN_STYLE = Automatic;
				CURRENT_PROJECT_VERSION = 1;
				DEVELOPMENT_TEAM = 9Y8LAKJ2CN;
				GENERATE_INFOPLIST_FILE = YES;
				MARKETING_VERSION = 1.0;
				PRODUCT_BUNDLE_IDENTIFIER = com.app.NeuroBluetoothPeripheralUITests;
				PRODUCT_NAME = "$(TARGET_NAME)";
				SWIFT_EMIT_LOC_STRINGS = NO;
				SWIFT_VERSION = 5.0;
				TARGETED_DEVICE_FAMILY = "1,2";
				TEST_TARGET_NAME = NeuroBluetoothPeripheral;
			};
			name = Debug;
		};
		6DF63D5D29ABF24B00908ED5 /* Release */ = {
			isa = XCBuildConfiguration;
			buildSettings = {
				ALWAYS_EMBED_SWIFT_STANDARD_LIBRARIES = YES;
				CODE_SIGN_STYLE = Automatic;
				CURRENT_PROJECT_VERSION = 1;
				DEVELOPMENT_TEAM = 9Y8LAKJ2CN;
				GENERATE_INFOPLIST_FILE = YES;
				MARKETING_VERSION = 1.0;
				PRODUCT_BUNDLE_IDENTIFIER = com.app.NeuroBluetoothPeripheralUITests;
				PRODUCT_NAME = "$(TARGET_NAME)";
				SWIFT_EMIT_LOC_STRINGS = NO;
				SWIFT_VERSION = 5.0;
				TARGETED_DEVICE_FAMILY = "1,2";
				TEST_TARGET_NAME = NeuroBluetoothPeripheral;
			};
			name = Release;
		};
/* End XCBuildConfiguration section */

/* Begin XCConfigurationList section */
		6DF63D2629ABF24900908ED5 /* Build configuration list for PBXProject "NeuroBluetoothPeripheral" */ = {
			isa = XCConfigurationList;
			buildConfigurations = (
				6DF63D5329ABF24B00908ED5 /* Debug */,
				6DF63D5429ABF24B00908ED5 /* Release */,
			);
			defaultConfigurationIsVisible = 0;
			defaultConfigurationName = Release;
		};
		6DF63D5529ABF24B00908ED5 /* Build configuration list for PBXNativeTarget "NeuroBluetoothPeripheral" */ = {
			isa = XCConfigurationList;
			buildConfigurations = (
				6DF63D5629ABF24B00908ED5 /* Debug */,
				6DF63D5729ABF24B00908ED5 /* Release */,
			);
			defaultConfigurationIsVisible = 0;
			defaultConfigurationName = Release;
		};
		6DF63D5829ABF24B00908ED5 /* Build configuration list for PBXNativeTarget "NeuroBluetoothPeripheralTests" */ = {
			isa = XCConfigurationList;
			buildConfigurations = (
				6DF63D5929ABF24B00908ED5 /* Debug */,
				6DF63D5A29ABF24B00908ED5 /* Release */,
			);
			defaultConfigurationIsVisible = 0;
			defaultConfigurationName = Release;
		};
		6DF63D5B29ABF24B00908ED5 /* Build configuration list for PBXNativeTarget "NeuroBluetoothPeripheralUITests" */ = {
			isa = XCConfigurationList;
			buildConfigurations = (
				6DF63D5C29ABF24B00908ED5 /* Debug */,
				6DF63D5D29ABF24B00908ED5 /* Release */,
			);
			defaultConfigurationIsVisible = 0;
			defaultConfigurationName = Release;
		};
/* End XCConfigurationList section */
	};
	rootObject = 6DF63D2329ABF24900908ED5 /* Project object */;
}
